// !$*UTF8*$!
{
	archiveVersion = 1;
	classes = {
	};
	objectVersion = 46;
	objects = {

/* Begin PBXBuildFile section */
		D204000B1CF3A4010073B328 /* Wait.swift in Sources */ = {isa = PBXBuildFile; fileRef = D20400061CF3A4010073B328 /* Wait.swift */; };
		D204001B1CF3B8130073B328 /* Chainable.swift in Sources */ = {isa = PBXBuildFile; fileRef = D204001A1CF3B8120073B328 /* Chainable.swift */; };
		D209D0A31CF8C271000A45E3 /* Layer.swift in Sources */ = {isa = PBXBuildFile; fileRef = D209D0A21CF8C271000A45E3 /* Layer.swift */; };
		D209D0A51CF8C278000A45E3 /* View.swift in Sources */ = {isa = PBXBuildFile; fileRef = D209D0A41CF8C278000A45E3 /* View.swift */; };
		D209D0CF1CF8EBAD000A45E3 /* ViewBasicChain.swift in Sources */ = {isa = PBXBuildFile; fileRef = D209D0C51CF8EBAD000A45E3 /* ViewBasicChain.swift */; };
		D209D0D01CF8EBAD000A45E3 /* ViewKeyframeChain.swift in Sources */ = {isa = PBXBuildFile; fileRef = D209D0C61CF8EBAD000A45E3 /* ViewKeyframeChain.swift */; };
		D209D0D11CF8EBAD000A45E3 /* ViewSpringChain.swift in Sources */ = {isa = PBXBuildFile; fileRef = D209D0C71CF8EBAD000A45E3 /* ViewSpringChain.swift */; };
		D209D0D21CF8EBAD000A45E3 /* ViewSystemChain.swift in Sources */ = {isa = PBXBuildFile; fileRef = D209D0C81CF8EBAD000A45E3 /* ViewSystemChain.swift */; };
		D209D0D31CF8EBAD000A45E3 /* ViewTransitionChain.swift in Sources */ = {isa = PBXBuildFile; fileRef = D209D0C91CF8EBAD000A45E3 /* ViewTransitionChain.swift */; };
		D209D0D81CF8EBB6000A45E3 /* LayerBasicChain.swift in Sources */ = {isa = PBXBuildFile; fileRef = D209D0D61CF8EBB6000A45E3 /* LayerBasicChain.swift */; };
		D209D0D91CF8EBB6000A45E3 /* LayerKeyframeChain.swift in Sources */ = {isa = PBXBuildFile; fileRef = D209D0D71CF8EBB6000A45E3 /* LayerKeyframeChain.swift */; };
		D209D0E71CF8F86E000A45E3 /* LayerSpringChain.swift in Sources */ = {isa = PBXBuildFile; fileRef = D209D0E61CF8F86E000A45E3 /* LayerSpringChain.swift */; };
		D209D0F91CFA3341000A45E3 /* ViewBasicAction.swift in Sources */ = {isa = PBXBuildFile; fileRef = D209D0F31CFA3341000A45E3 /* ViewBasicAction.swift */; };
		D209D0FA1CFA3341000A45E3 /* ViewKeyframeAction.swift in Sources */ = {isa = PBXBuildFile; fileRef = D209D0F41CFA3341000A45E3 /* ViewKeyframeAction.swift */; };
		D209D0FB1CFA3341000A45E3 /* ViewSpringAction.swift in Sources */ = {isa = PBXBuildFile; fileRef = D209D0F51CFA3341000A45E3 /* ViewSpringAction.swift */; };
		D209D0FC1CFA3341000A45E3 /* ViewSystemAction.swift in Sources */ = {isa = PBXBuildFile; fileRef = D209D0F61CFA3341000A45E3 /* ViewSystemAction.swift */; };
		D209D0FD1CFA3341000A45E3 /* ViewTransitionAction.swift in Sources */ = {isa = PBXBuildFile; fileRef = D209D0F71CFA3341000A45E3 /* ViewTransitionAction.swift */; };
		D209D1021CFA3347000A45E3 /* LayerBasicAction.swift in Sources */ = {isa = PBXBuildFile; fileRef = D209D0FF1CFA3347000A45E3 /* LayerBasicAction.swift */; };
		D209D1031CFA3347000A45E3 /* LayerKeyframeAction.swift in Sources */ = {isa = PBXBuildFile; fileRef = D209D1001CFA3347000A45E3 /* LayerKeyframeAction.swift */; };
		D209D1041CFA3347000A45E3 /* LayerSpringAction.swift in Sources */ = {isa = PBXBuildFile; fileRef = D209D1011CFA3347000A45E3 /* LayerSpringAction.swift */; };
		D209D1061CFA3436000A45E3 /* ViewAnimation.swift in Sources */ = {isa = PBXBuildFile; fileRef = D209D1051CFA3436000A45E3 /* ViewAnimation.swift */; };
		D209D1081CFA345A000A45E3 /* ViewBasicAnimation.swift in Sources */ = {isa = PBXBuildFile; fileRef = D209D1071CFA345A000A45E3 /* ViewBasicAnimation.swift */; };
		D209D10A1CFA3582000A45E3 /* ViewKeyframeAnimation.swift in Sources */ = {isa = PBXBuildFile; fileRef = D209D1091CFA3582000A45E3 /* ViewKeyframeAnimation.swift */; };
		D209D10C1CFA358B000A45E3 /* ViewSpringAnimation.swift in Sources */ = {isa = PBXBuildFile; fileRef = D209D10B1CFA358B000A45E3 /* ViewSpringAnimation.swift */; };
		D209D10E1CFA362A000A45E3 /* ViewSystemAnimation.swift in Sources */ = {isa = PBXBuildFile; fileRef = D209D10D1CFA362A000A45E3 /* ViewSystemAnimation.swift */; };
		D209D1101CFA3642000A45E3 /* ViewTransitionAnimation.swift in Sources */ = {isa = PBXBuildFile; fileRef = D209D10F1CFA3642000A45E3 /* ViewTransitionAnimation.swift */; };
		D209D11B1CFA398B000A45E3 /* LayerAnimatable.swift in Sources */ = {isa = PBXBuildFile; fileRef = D209D1181CFA398B000A45E3 /* LayerAnimatable.swift */; };
		D209D11C1CFA398B000A45E3 /* LayerConfigurable.swift in Sources */ = {isa = PBXBuildFile; fileRef = D209D11A1CFA398B000A45E3 /* LayerConfigurable.swift */; };
		D209D11E1CFA399F000A45E3 /* ViewConfigurable.swift in Sources */ = {isa = PBXBuildFile; fileRef = D209D11D1CFA399F000A45E3 /* ViewConfigurable.swift */; };
		D209D1201CFA4197000A45E3 /* ViewAnimatable.swift in Sources */ = {isa = PBXBuildFile; fileRef = D209D11F1CFA4197000A45E3 /* ViewAnimatable.swift */; };
		D209D1221CFACBC5000A45E3 /* ViewBasicConfigurable.swift in Sources */ = {isa = PBXBuildFile; fileRef = D209D1211CFACBC5000A45E3 /* ViewBasicConfigurable.swift */; };
		D209D1241CFACD8E000A45E3 /* ViewBasicAnimatable.swift in Sources */ = {isa = PBXBuildFile; fileRef = D209D1231CFACD8E000A45E3 /* ViewBasicAnimatable.swift */; };
		D209D1261CFACEFB000A45E3 /* LayerBasicConfigurable.swift in Sources */ = {isa = PBXBuildFile; fileRef = D209D1251CFACEFB000A45E3 /* LayerBasicConfigurable.swift */; };
		D209D1281CFACFE3000A45E3 /* LayerBasicAnimatable.swift in Sources */ = {isa = PBXBuildFile; fileRef = D209D1271CFACFE3000A45E3 /* LayerBasicAnimatable.swift */; };
		D209D12A1CFAD375000A45E3 /* LayerPropertyConfigurable.swift in Sources */ = {isa = PBXBuildFile; fileRef = D209D1291CFAD375000A45E3 /* LayerPropertyConfigurable.swift */; };
		D209D12F1CFB0B3D000A45E3 /* Animatable.swift in Sources */ = {isa = PBXBuildFile; fileRef = D209D12E1CFB0B3D000A45E3 /* Animatable.swift */; };
		D209D1321CFB1618000A45E3 /* Config.swift in Sources */ = {isa = PBXBuildFile; fileRef = D209D1311CFB1618000A45E3 /* Config.swift */; };
		D209D1341CFB1F3D000A45E3 /* LayerKeyframeAnimatable.swift in Sources */ = {isa = PBXBuildFile; fileRef = D209D1331CFB1F3D000A45E3 /* LayerKeyframeAnimatable.swift */; };
		D209D1361CFB1F76000A45E3 /* LayerKeyframeConfigurable.swift in Sources */ = {isa = PBXBuildFile; fileRef = D209D1351CFB1F76000A45E3 /* LayerKeyframeConfigurable.swift */; };
		D209D1381CFB26CD000A45E3 /* Ride.swift in Sources */ = {isa = PBXBuildFile; fileRef = D209D1371CFB26CD000A45E3 /* Ride.swift */; };
		D2136DF01CF63F5800BE9C4F /* Then.swift in Sources */ = {isa = PBXBuildFile; fileRef = D2136DEF1CF63F5800BE9C4F /* Then.swift */; };
		D21793881CF23D6700BB2467 /* Wave.swift in Sources */ = {isa = PBXBuildFile; fileRef = D21793871CF23D6700BB2467 /* Wave.swift */; };
		D217938A1CF23D9400BB2467 /* Spec.swift in Sources */ = {isa = PBXBuildFile; fileRef = D21793891CF23D9400BB2467 /* Spec.swift */; };
		D217938D1CF24E5600BB2467 /* Action.swift in Sources */ = {isa = PBXBuildFile; fileRef = D217938C1CF24E5600BB2467 /* Action.swift */; };
		D21793A81CF254DE00BB2467 /* Construction.framework in Frameworks */ = {isa = PBXBuildFile; fileRef = D21793A71CF254DE00BB2467 /* Construction.framework */; };
		D5B2E8AA1C3A780C00C0327D /* Wave.framework in Frameworks */ = {isa = PBXBuildFile; fileRef = D5B2E89F1C3A780C00C0327D /* Wave.framework */; };
		D5C6294A1C3A7FAA007F7B7C /* Wave.framework in Frameworks */ = {isa = PBXBuildFile; fileRef = D5C629401C3A7FAA007F7B7C /* Wave.framework */; };
		D5C629771C3A878E007F7B7C /* Quick.framework in Frameworks */ = {isa = PBXBuildFile; fileRef = D5C629751C3A878E007F7B7C /* Quick.framework */; };
		D5C629781C3A878E007F7B7C /* Nimble.framework in Frameworks */ = {isa = PBXBuildFile; fileRef = D5C629761C3A878E007F7B7C /* Nimble.framework */; };
		D5C6297B1C3A879F007F7B7C /* Quick.framework in Frameworks */ = {isa = PBXBuildFile; fileRef = D5C629791C3A879F007F7B7C /* Quick.framework */; };
		D5C6297C1C3A879F007F7B7C /* Nimble.framework in Frameworks */ = {isa = PBXBuildFile; fileRef = D5C6297A1C3A879F007F7B7C /* Nimble.framework */; };
/* End PBXBuildFile section */

/* Begin PBXContainerItemProxy section */
		D5B2E8AB1C3A780C00C0327D /* PBXContainerItemProxy */ = {
			isa = PBXContainerItemProxy;
			containerPortal = D5B2E8961C3A780C00C0327D /* Project object */;
			proxyType = 1;
			remoteGlobalIDString = D5B2E89E1C3A780C00C0327D;
			remoteInfo = Wave;
		};
		D5C6294B1C3A7FAA007F7B7C /* PBXContainerItemProxy */ = {
			isa = PBXContainerItemProxy;
			containerPortal = D5B2E8961C3A780C00C0327D /* Project object */;
			proxyType = 1;
			remoteGlobalIDString = D5C6293F1C3A7FAA007F7B7C;
			remoteInfo = "Wave-Mac";
		};
/* End PBXContainerItemProxy section */

/* Begin PBXFileReference section */
		D20400061CF3A4010073B328 /* Wait.swift */ = {isa = PBXFileReference; fileEncoding = 4; lastKnownFileType = sourcecode.swift; path = Wait.swift; sourceTree = "<group>"; };
		D204001A1CF3B8120073B328 /* Chainable.swift */ = {isa = PBXFileReference; fileEncoding = 4; lastKnownFileType = sourcecode.swift; path = Chainable.swift; sourceTree = "<group>"; };
		D209D0A21CF8C271000A45E3 /* Layer.swift */ = {isa = PBXFileReference; fileEncoding = 4; lastKnownFileType = sourcecode.swift; path = Layer.swift; sourceTree = "<group>"; };
		D209D0A41CF8C278000A45E3 /* View.swift */ = {isa = PBXFileReference; fileEncoding = 4; lastKnownFileType = sourcecode.swift; path = View.swift; sourceTree = "<group>"; };
		D209D0C51CF8EBAD000A45E3 /* ViewBasicChain.swift */ = {isa = PBXFileReference; fileEncoding = 4; lastKnownFileType = sourcecode.swift; path = ViewBasicChain.swift; sourceTree = "<group>"; };
		D209D0C61CF8EBAD000A45E3 /* ViewKeyframeChain.swift */ = {isa = PBXFileReference; fileEncoding = 4; lastKnownFileType = sourcecode.swift; path = ViewKeyframeChain.swift; sourceTree = "<group>"; };
		D209D0C71CF8EBAD000A45E3 /* ViewSpringChain.swift */ = {isa = PBXFileReference; fileEncoding = 4; lastKnownFileType = sourcecode.swift; path = ViewSpringChain.swift; sourceTree = "<group>"; };
		D209D0C81CF8EBAD000A45E3 /* ViewSystemChain.swift */ = {isa = PBXFileReference; fileEncoding = 4; lastKnownFileType = sourcecode.swift; path = ViewSystemChain.swift; sourceTree = "<group>"; };
		D209D0C91CF8EBAD000A45E3 /* ViewTransitionChain.swift */ = {isa = PBXFileReference; fileEncoding = 4; lastKnownFileType = sourcecode.swift; path = ViewTransitionChain.swift; sourceTree = "<group>"; };
		D209D0D61CF8EBB6000A45E3 /* LayerBasicChain.swift */ = {isa = PBXFileReference; fileEncoding = 4; lastKnownFileType = sourcecode.swift; path = LayerBasicChain.swift; sourceTree = "<group>"; };
		D209D0D71CF8EBB6000A45E3 /* LayerKeyframeChain.swift */ = {isa = PBXFileReference; fileEncoding = 4; lastKnownFileType = sourcecode.swift; path = LayerKeyframeChain.swift; sourceTree = "<group>"; };
		D209D0E61CF8F86E000A45E3 /* LayerSpringChain.swift */ = {isa = PBXFileReference; fileEncoding = 4; lastKnownFileType = sourcecode.swift; path = LayerSpringChain.swift; sourceTree = "<group>"; };
		D209D0F31CFA3341000A45E3 /* ViewBasicAction.swift */ = {isa = PBXFileReference; fileEncoding = 4; lastKnownFileType = sourcecode.swift; path = ViewBasicAction.swift; sourceTree = "<group>"; };
		D209D0F41CFA3341000A45E3 /* ViewKeyframeAction.swift */ = {isa = PBXFileReference; fileEncoding = 4; lastKnownFileType = sourcecode.swift; path = ViewKeyframeAction.swift; sourceTree = "<group>"; };
		D209D0F51CFA3341000A45E3 /* ViewSpringAction.swift */ = {isa = PBXFileReference; fileEncoding = 4; lastKnownFileType = sourcecode.swift; path = ViewSpringAction.swift; sourceTree = "<group>"; };
		D209D0F61CFA3341000A45E3 /* ViewSystemAction.swift */ = {isa = PBXFileReference; fileEncoding = 4; lastKnownFileType = sourcecode.swift; path = ViewSystemAction.swift; sourceTree = "<group>"; };
		D209D0F71CFA3341000A45E3 /* ViewTransitionAction.swift */ = {isa = PBXFileReference; fileEncoding = 4; lastKnownFileType = sourcecode.swift; path = ViewTransitionAction.swift; sourceTree = "<group>"; };
		D209D0FF1CFA3347000A45E3 /* LayerBasicAction.swift */ = {isa = PBXFileReference; fileEncoding = 4; lastKnownFileType = sourcecode.swift; path = LayerBasicAction.swift; sourceTree = "<group>"; };
		D209D1001CFA3347000A45E3 /* LayerKeyframeAction.swift */ = {isa = PBXFileReference; fileEncoding = 4; lastKnownFileType = sourcecode.swift; path = LayerKeyframeAction.swift; sourceTree = "<group>"; };
		D209D1011CFA3347000A45E3 /* LayerSpringAction.swift */ = {isa = PBXFileReference; fileEncoding = 4; lastKnownFileType = sourcecode.swift; path = LayerSpringAction.swift; sourceTree = "<group>"; };
		D209D1051CFA3436000A45E3 /* ViewAnimation.swift */ = {isa = PBXFileReference; fileEncoding = 4; lastKnownFileType = sourcecode.swift; path = ViewAnimation.swift; sourceTree = "<group>"; };
		D209D1071CFA345A000A45E3 /* ViewBasicAnimation.swift */ = {isa = PBXFileReference; fileEncoding = 4; lastKnownFileType = sourcecode.swift; path = ViewBasicAnimation.swift; sourceTree = "<group>"; };
		D209D1091CFA3582000A45E3 /* ViewKeyframeAnimation.swift */ = {isa = PBXFileReference; fileEncoding = 4; lastKnownFileType = sourcecode.swift; path = ViewKeyframeAnimation.swift; sourceTree = "<group>"; };
		D209D10B1CFA358B000A45E3 /* ViewSpringAnimation.swift */ = {isa = PBXFileReference; fileEncoding = 4; lastKnownFileType = sourcecode.swift; path = ViewSpringAnimation.swift; sourceTree = "<group>"; };
		D209D10D1CFA362A000A45E3 /* ViewSystemAnimation.swift */ = {isa = PBXFileReference; fileEncoding = 4; lastKnownFileType = sourcecode.swift; path = ViewSystemAnimation.swift; sourceTree = "<group>"; };
		D209D10F1CFA3642000A45E3 /* ViewTransitionAnimation.swift */ = {isa = PBXFileReference; fileEncoding = 4; lastKnownFileType = sourcecode.swift; path = ViewTransitionAnimation.swift; sourceTree = "<group>"; };
		D209D1181CFA398B000A45E3 /* LayerAnimatable.swift */ = {isa = PBXFileReference; fileEncoding = 4; lastKnownFileType = sourcecode.swift; path = LayerAnimatable.swift; sourceTree = "<group>"; };
		D209D11A1CFA398B000A45E3 /* LayerConfigurable.swift */ = {isa = PBXFileReference; fileEncoding = 4; lastKnownFileType = sourcecode.swift; path = LayerConfigurable.swift; sourceTree = "<group>"; };
		D209D11D1CFA399F000A45E3 /* ViewConfigurable.swift */ = {isa = PBXFileReference; fileEncoding = 4; lastKnownFileType = sourcecode.swift; path = ViewConfigurable.swift; sourceTree = "<group>"; };
		D209D11F1CFA4197000A45E3 /* ViewAnimatable.swift */ = {isa = PBXFileReference; fileEncoding = 4; lastKnownFileType = sourcecode.swift; path = ViewAnimatable.swift; sourceTree = "<group>"; };
		D209D1211CFACBC5000A45E3 /* ViewBasicConfigurable.swift */ = {isa = PBXFileReference; fileEncoding = 4; lastKnownFileType = sourcecode.swift; path = ViewBasicConfigurable.swift; sourceTree = "<group>"; };
		D209D1231CFACD8E000A45E3 /* ViewBasicAnimatable.swift */ = {isa = PBXFileReference; fileEncoding = 4; lastKnownFileType = sourcecode.swift; path = ViewBasicAnimatable.swift; sourceTree = "<group>"; };
		D209D1251CFACEFB000A45E3 /* LayerBasicConfigurable.swift */ = {isa = PBXFileReference; fileEncoding = 4; lastKnownFileType = sourcecode.swift; path = LayerBasicConfigurable.swift; sourceTree = "<group>"; };
		D209D1271CFACFE3000A45E3 /* LayerBasicAnimatable.swift */ = {isa = PBXFileReference; fileEncoding = 4; lastKnownFileType = sourcecode.swift; path = LayerBasicAnimatable.swift; sourceTree = "<group>"; };
		D209D1291CFAD375000A45E3 /* LayerPropertyConfigurable.swift */ = {isa = PBXFileReference; fileEncoding = 4; lastKnownFileType = sourcecode.swift; path = LayerPropertyConfigurable.swift; sourceTree = "<group>"; };
		D209D12E1CFB0B3D000A45E3 /* Animatable.swift */ = {isa = PBXFileReference; fileEncoding = 4; lastKnownFileType = sourcecode.swift; path = Animatable.swift; sourceTree = "<group>"; };
		D209D1311CFB1618000A45E3 /* Config.swift */ = {isa = PBXFileReference; fileEncoding = 4; lastKnownFileType = sourcecode.swift; path = Config.swift; sourceTree = "<group>"; };
		D209D1331CFB1F3D000A45E3 /* LayerKeyframeAnimatable.swift */ = {isa = PBXFileReference; fileEncoding = 4; lastKnownFileType = sourcecode.swift; path = LayerKeyframeAnimatable.swift; sourceTree = "<group>"; };
		D209D1351CFB1F76000A45E3 /* LayerKeyframeConfigurable.swift */ = {isa = PBXFileReference; fileEncoding = 4; lastKnownFileType = sourcecode.swift; path = LayerKeyframeConfigurable.swift; sourceTree = "<group>"; };
		D209D1371CFB26CD000A45E3 /* Ride.swift */ = {isa = PBXFileReference; fileEncoding = 4; lastKnownFileType = sourcecode.swift; path = Ride.swift; sourceTree = "<group>"; };
		D2136DEF1CF63F5800BE9C4F /* Then.swift */ = {isa = PBXFileReference; fileEncoding = 4; lastKnownFileType = sourcecode.swift; path = Then.swift; sourceTree = "<group>"; };
		D21793871CF23D6700BB2467 /* Wave.swift */ = {isa = PBXFileReference; fileEncoding = 4; lastKnownFileType = sourcecode.swift; path = Wave.swift; sourceTree = "<group>"; };
		D21793891CF23D9400BB2467 /* Spec.swift */ = {isa = PBXFileReference; fileEncoding = 4; lastKnownFileType = sourcecode.swift; path = Spec.swift; sourceTree = "<group>"; };
		D217938C1CF24E5600BB2467 /* Action.swift */ = {isa = PBXFileReference; fileEncoding = 4; lastKnownFileType = sourcecode.swift; path = Action.swift; sourceTree = "<group>"; };
		D21793A71CF254DE00BB2467 /* Construction.framework */ = {isa = PBXFileReference; lastKnownFileType = wrapper.framework; name = Construction.framework; path = Carthage/Build/iOS/Construction.framework; sourceTree = "<group>"; };
		D500FD111C3AABED00782D78 /* Playground-iOS.playground */ = {isa = PBXFileReference; lastKnownFileType = file.playground; path = "Playground-iOS.playground"; sourceTree = "<group>"; };
		D500FD121C3AAC8E00782D78 /* Playground-Mac.playground */ = {isa = PBXFileReference; lastKnownFileType = file.playground; path = "Playground-Mac.playground"; sourceTree = "<group>"; };
		D5B2E89F1C3A780C00C0327D /* Wave.framework */ = {isa = PBXFileReference; explicitFileType = wrapper.framework; includeInIndex = 0; path = Wave.framework; sourceTree = BUILT_PRODUCTS_DIR; };
		D5B2E8A91C3A780C00C0327D /* Wave-iOS-Tests.xctest */ = {isa = PBXFileReference; explicitFileType = wrapper.cfbundle; includeInIndex = 0; path = "Wave-iOS-Tests.xctest"; sourceTree = BUILT_PRODUCTS_DIR; };
		D5C629401C3A7FAA007F7B7C /* Wave.framework */ = {isa = PBXFileReference; explicitFileType = wrapper.framework; includeInIndex = 0; path = Wave.framework; sourceTree = BUILT_PRODUCTS_DIR; };
		D5C629491C3A7FAA007F7B7C /* Wave-Mac-Tests.xctest */ = {isa = PBXFileReference; explicitFileType = wrapper.cfbundle; includeInIndex = 0; path = "Wave-Mac-Tests.xctest"; sourceTree = BUILT_PRODUCTS_DIR; };
		D5C629751C3A878E007F7B7C /* Quick.framework */ = {isa = PBXFileReference; lastKnownFileType = wrapper.framework; name = Quick.framework; path = Carthage/Build/iOS/Quick.framework; sourceTree = "<group>"; };
		D5C629761C3A878E007F7B7C /* Nimble.framework */ = {isa = PBXFileReference; lastKnownFileType = wrapper.framework; name = Nimble.framework; path = Carthage/Build/iOS/Nimble.framework; sourceTree = "<group>"; };
		D5C629791C3A879F007F7B7C /* Quick.framework */ = {isa = PBXFileReference; lastKnownFileType = wrapper.framework; name = Quick.framework; path = Carthage/Build/Mac/Quick.framework; sourceTree = "<group>"; };
		D5C6297A1C3A879F007F7B7C /* Nimble.framework */ = {isa = PBXFileReference; lastKnownFileType = wrapper.framework; name = Nimble.framework; path = Carthage/Build/Mac/Nimble.framework; sourceTree = "<group>"; };
		D5C6298B1C3A8BBD007F7B7C /* Info-iOS.plist */ = {isa = PBXFileReference; fileEncoding = 4; lastKnownFileType = text.plist.xml; path = "Info-iOS.plist"; sourceTree = "<group>"; };
		D5C6298C1C3A8BBD007F7B7C /* Info-Mac.plist */ = {isa = PBXFileReference; fileEncoding = 4; lastKnownFileType = text.plist.xml; path = "Info-Mac.plist"; sourceTree = "<group>"; };
		D5C629901C3A8BDA007F7B7C /* Info-iOS.plist */ = {isa = PBXFileReference; fileEncoding = 4; lastKnownFileType = text.plist.xml; path = "Info-iOS.plist"; sourceTree = "<group>"; };
		D5C629911C3A8BDA007F7B7C /* Info-Mac.plist */ = {isa = PBXFileReference; fileEncoding = 4; lastKnownFileType = text.plist.xml; path = "Info-Mac.plist"; sourceTree = "<group>"; };
/* End PBXFileReference section */

/* Begin PBXFrameworksBuildPhase section */
		D5B2E89B1C3A780C00C0327D /* Frameworks */ = {
			isa = PBXFrameworksBuildPhase;
			buildActionMask = 2147483647;
			files = (
				D21793A81CF254DE00BB2467 /* Construction.framework in Frameworks */,
			);
			runOnlyForDeploymentPostprocessing = 0;
		};
		D5B2E8A61C3A780C00C0327D /* Frameworks */ = {
			isa = PBXFrameworksBuildPhase;
			buildActionMask = 2147483647;
			files = (
				D5C629771C3A878E007F7B7C /* Quick.framework in Frameworks */,
				D5C629781C3A878E007F7B7C /* Nimble.framework in Frameworks */,
				D5B2E8AA1C3A780C00C0327D /* Wave.framework in Frameworks */,
			);
			runOnlyForDeploymentPostprocessing = 0;
		};
		D5C6293C1C3A7FAA007F7B7C /* Frameworks */ = {
			isa = PBXFrameworksBuildPhase;
			buildActionMask = 2147483647;
			files = (
			);
			runOnlyForDeploymentPostprocessing = 0;
		};
		D5C629461C3A7FAA007F7B7C /* Frameworks */ = {
			isa = PBXFrameworksBuildPhase;
			buildActionMask = 2147483647;
			files = (
				D5C6297B1C3A879F007F7B7C /* Quick.framework in Frameworks */,
				D5C6297C1C3A879F007F7B7C /* Nimble.framework in Frameworks */,
				D5C6294A1C3A7FAA007F7B7C /* Wave.framework in Frameworks */,
			);
			runOnlyForDeploymentPostprocessing = 0;
		};
/* End PBXFrameworksBuildPhase section */

/* Begin PBXGroup section */
		D20400131CF3AD2B0073B328 /* Chain */ = {
			isa = PBXGroup;
			children = (
				D204001A1CF3B8120073B328 /* Chainable.swift */,
			);
			path = Chain;
			sourceTree = "<group>";
		};
		D209D09C1CF8C260000A45E3 /* Layer */ = {
			isa = PBXGroup;
			children = (
				D209D1171CFA398B000A45E3 /* Animatable */,
				D209D1191CFA398B000A45E3 /* Configurable */,
				D209D0FE1CFA3347000A45E3 /* Action */,
				D209D0D51CF8EBB6000A45E3 /* Chain */,
				D209D0A21CF8C271000A45E3 /* Layer.swift */,
			);
			path = Layer;
			sourceTree = "<group>";
		};
		D209D09D1CF8C260000A45E3 /* View */ = {
			isa = PBXGroup;
			children = (
				D209D1111CFA3982000A45E3 /* Animatable */,
				D209D1131CFA3982000A45E3 /* Configurable */,
				D209D0F81CFA3341000A45E3 /* Animation */,
				D209D0F21CFA3341000A45E3 /* Action */,
				D209D0C41CF8EBAD000A45E3 /* Chain */,
				D209D0A41CF8C278000A45E3 /* View.swift */,
			);
			path = View;
			sourceTree = "<group>";
		};
		D209D0C41CF8EBAD000A45E3 /* Chain */ = {
			isa = PBXGroup;
			children = (
				D209D0C51CF8EBAD000A45E3 /* ViewBasicChain.swift */,
				D209D0C61CF8EBAD000A45E3 /* ViewKeyframeChain.swift */,
				D209D0C71CF8EBAD000A45E3 /* ViewSpringChain.swift */,
				D209D0C81CF8EBAD000A45E3 /* ViewSystemChain.swift */,
				D209D0C91CF8EBAD000A45E3 /* ViewTransitionChain.swift */,
			);
			path = Chain;
			sourceTree = "<group>";
		};
		D209D0D51CF8EBB6000A45E3 /* Chain */ = {
			isa = PBXGroup;
			children = (
				D209D0D61CF8EBB6000A45E3 /* LayerBasicChain.swift */,
				D209D0D71CF8EBB6000A45E3 /* LayerKeyframeChain.swift */,
				D209D0E61CF8F86E000A45E3 /* LayerSpringChain.swift */,
			);
			path = Chain;
			sourceTree = "<group>";
		};
		D209D0F21CFA3341000A45E3 /* Action */ = {
			isa = PBXGroup;
			children = (
				D209D0F31CFA3341000A45E3 /* ViewBasicAction.swift */,
				D209D0F41CFA3341000A45E3 /* ViewKeyframeAction.swift */,
				D209D0F51CFA3341000A45E3 /* ViewSpringAction.swift */,
				D209D0F61CFA3341000A45E3 /* ViewSystemAction.swift */,
				D209D0F71CFA3341000A45E3 /* ViewTransitionAction.swift */,
			);
			path = Action;
			sourceTree = "<group>";
		};
		D209D0F81CFA3341000A45E3 /* Animation */ = {
			isa = PBXGroup;
			children = (
				D209D1051CFA3436000A45E3 /* ViewAnimation.swift */,
				D209D1071CFA345A000A45E3 /* ViewBasicAnimation.swift */,
				D209D1091CFA3582000A45E3 /* ViewKeyframeAnimation.swift */,
				D209D10B1CFA358B000A45E3 /* ViewSpringAnimation.swift */,
				D209D10D1CFA362A000A45E3 /* ViewSystemAnimation.swift */,
				D209D10F1CFA3642000A45E3 /* ViewTransitionAnimation.swift */,
			);
			path = Animation;
			sourceTree = "<group>";
		};
		D209D0FE1CFA3347000A45E3 /* Action */ = {
			isa = PBXGroup;
			children = (
				D209D0FF1CFA3347000A45E3 /* LayerBasicAction.swift */,
				D209D1001CFA3347000A45E3 /* LayerKeyframeAction.swift */,
				D209D1011CFA3347000A45E3 /* LayerSpringAction.swift */,
			);
			path = Action;
			sourceTree = "<group>";
		};
		D209D1111CFA3982000A45E3 /* Animatable */ = {
			isa = PBXGroup;
			children = (
				D209D11F1CFA4197000A45E3 /* ViewAnimatable.swift */,
				D209D1231CFACD8E000A45E3 /* ViewBasicAnimatable.swift */,
			);
			path = Animatable;
			sourceTree = "<group>";
		};
		D209D1131CFA3982000A45E3 /* Configurable */ = {
			isa = PBXGroup;
			children = (
				D209D11D1CFA399F000A45E3 /* ViewConfigurable.swift */,
				D209D1211CFACBC5000A45E3 /* ViewBasicConfigurable.swift */,
			);
			path = Configurable;
			sourceTree = "<group>";
		};
		D209D1171CFA398B000A45E3 /* Animatable */ = {
			isa = PBXGroup;
			children = (
				D209D1181CFA398B000A45E3 /* LayerAnimatable.swift */,
				D209D1271CFACFE3000A45E3 /* LayerBasicAnimatable.swift */,
				D209D1331CFB1F3D000A45E3 /* LayerKeyframeAnimatable.swift */,
			);
			path = Animatable;
			sourceTree = "<group>";
		};
		D209D1191CFA398B000A45E3 /* Configurable */ = {
			isa = PBXGroup;
			children = (
				D209D11A1CFA398B000A45E3 /* LayerConfigurable.swift */,
				D209D1291CFAD375000A45E3 /* LayerPropertyConfigurable.swift */,
				D209D1251CFACEFB000A45E3 /* LayerBasicConfigurable.swift */,
				D209D1351CFB1F76000A45E3 /* LayerKeyframeConfigurable.swift */,
			);
			path = Configurable;
			sourceTree = "<group>";
		};
		D209D12D1CFB0B3D000A45E3 /* Animatable */ = {
			isa = PBXGroup;
			children = (
				D209D12E1CFB0B3D000A45E3 /* Animatable.swift */,
			);
			path = Animatable;
			sourceTree = "<group>";
		};
		D209D1301CFB1613000A45E3 /* Config */ = {
			isa = PBXGroup;
			children = (
				D209D1311CFB1618000A45E3 /* Config.swift */,
			);
			path = Config;
			sourceTree = "<group>";
		};
		D21793861CF23D5A00BB2467 /* Frameworks */ = {
			isa = PBXGroup;
			children = (
				D21793A71CF254DE00BB2467 /* Construction.framework */,
				D5C629791C3A879F007F7B7C /* Quick.framework */,
				D5C6297A1C3A879F007F7B7C /* Nimble.framework */,
				D5C629751C3A878E007F7B7C /* Quick.framework */,
				D5C629761C3A878E007F7B7C /* Nimble.framework */,
			);
			name = Frameworks;
			sourceTree = "<group>";
		};
		D217938B1CF24E4D00BB2467 /* Action */ = {
			isa = PBXGroup;
			children = (
				D217938C1CF24E5600BB2467 /* Action.swift */,
				D20400061CF3A4010073B328 /* Wait.swift */,
				D2136DEF1CF63F5800BE9C4F /* Then.swift */,
			);
			path = Action;
			sourceTree = "<group>";
		};
		D5B2E8951C3A780C00C0327D = {
			isa = PBXGroup;
			children = (
				D21793861CF23D5A00BB2467 /* Frameworks */,
				D500FD111C3AABED00782D78 /* Playground-iOS.playground */,
				D500FD121C3AAC8E00782D78 /* Playground-Mac.playground */,
				D5C629691C3A809D007F7B7C /* Sources */,
				D5C6295C1C3A800E007F7B7C /* Wave */,
				D5C6298F1C3A8BDA007F7B7C /* WaveTests */,
				D5B2E8A01C3A780C00C0327D /* Products */,
			);
			sourceTree = "<group>";
		};
		D5B2E8A01C3A780C00C0327D /* Products */ = {
			isa = PBXGroup;
			children = (
				D5B2E89F1C3A780C00C0327D /* Wave.framework */,
				D5B2E8A91C3A780C00C0327D /* Wave-iOS-Tests.xctest */,
				D5C629401C3A7FAA007F7B7C /* Wave.framework */,
				D5C629491C3A7FAA007F7B7C /* Wave-Mac-Tests.xctest */,
			);
			name = Products;
			sourceTree = "<group>";
		};
		D5C6295C1C3A800E007F7B7C /* Wave */ = {
			isa = PBXGroup;
			children = (
				D5C6298B1C3A8BBD007F7B7C /* Info-iOS.plist */,
				D5C6298C1C3A8BBD007F7B7C /* Info-Mac.plist */,
			);
			path = Wave;
			sourceTree = "<group>";
		};
		D5C629691C3A809D007F7B7C /* Sources */ = {
			isa = PBXGroup;
			children = (
				D209D1301CFB1613000A45E3 /* Config */,
				D209D12D1CFB0B3D000A45E3 /* Animatable */,
				D217938B1CF24E4D00BB2467 /* Action */,
				D20400131CF3AD2B0073B328 /* Chain */,
				D209D09D1CF8C260000A45E3 /* View */,
				D209D09C1CF8C260000A45E3 /* Layer */,
				D21793871CF23D6700BB2467 /* Wave.swift */,
				D209D1371CFB26CD000A45E3 /* Ride.swift */,
			);
			path = Sources;
			sourceTree = "<group>";
		};
		D5C6298F1C3A8BDA007F7B7C /* WaveTests */ = {
			isa = PBXGroup;
			children = (
				D21793891CF23D9400BB2467 /* Spec.swift */,
				D5C629901C3A8BDA007F7B7C /* Info-iOS.plist */,
				D5C629911C3A8BDA007F7B7C /* Info-Mac.plist */,
			);
			path = WaveTests;
			sourceTree = "<group>";
		};
/* End PBXGroup section */

/* Begin PBXHeadersBuildPhase section */
		D5B2E89C1C3A780C00C0327D /* Headers */ = {
			isa = PBXHeadersBuildPhase;
			buildActionMask = 2147483647;
			files = (
			);
			runOnlyForDeploymentPostprocessing = 0;
		};
		D5C6293D1C3A7FAA007F7B7C /* Headers */ = {
			isa = PBXHeadersBuildPhase;
			buildActionMask = 2147483647;
			files = (
			);
			runOnlyForDeploymentPostprocessing = 0;
		};
/* End PBXHeadersBuildPhase section */

/* Begin PBXNativeTarget section */
		D5B2E89E1C3A780C00C0327D /* Wave-iOS */ = {
			isa = PBXNativeTarget;
			buildConfigurationList = D5B2E8B31C3A780C00C0327D /* Build configuration list for PBXNativeTarget "Wave-iOS" */;
			buildPhases = (
				D5B2E89A1C3A780C00C0327D /* Sources */,
				D5B2E89B1C3A780C00C0327D /* Frameworks */,
				D5B2E89C1C3A780C00C0327D /* Headers */,
				D5B2E89D1C3A780C00C0327D /* Resources */,
			);
			buildRules = (
			);
			dependencies = (
			);
			name = "Wave-iOS";
			productName = Wave;
			productReference = D5B2E89F1C3A780C00C0327D /* Wave.framework */;
			productType = "com.apple.product-type.framework";
		};
		D5B2E8A81C3A780C00C0327D /* Wave-iOS-Tests */ = {
			isa = PBXNativeTarget;
			buildConfigurationList = D5B2E8B61C3A780C00C0327D /* Build configuration list for PBXNativeTarget "Wave-iOS-Tests" */;
			buildPhases = (
				D5B2E8A51C3A780C00C0327D /* Sources */,
				D5B2E8A61C3A780C00C0327D /* Frameworks */,
				D5B2E8A71C3A780C00C0327D /* Resources */,
				D5C629731C3A86E3007F7B7C /* Copy frameworks with Carthage */,
			);
			buildRules = (
			);
			dependencies = (
				D5B2E8AC1C3A780C00C0327D /* PBXTargetDependency */,
			);
			name = "Wave-iOS-Tests";
			productName = WaveTests;
			productReference = D5B2E8A91C3A780C00C0327D /* Wave-iOS-Tests.xctest */;
			productType = "com.apple.product-type.bundle.unit-test";
		};
		D5C6293F1C3A7FAA007F7B7C /* Wave-Mac */ = {
			isa = PBXNativeTarget;
			buildConfigurationList = D5C629511C3A7FAA007F7B7C /* Build configuration list for PBXNativeTarget "Wave-Mac" */;
			buildPhases = (
				D5C6293B1C3A7FAA007F7B7C /* Sources */,
				D5C6293C1C3A7FAA007F7B7C /* Frameworks */,
				D5C6293D1C3A7FAA007F7B7C /* Headers */,
				D5C6293E1C3A7FAA007F7B7C /* Resources */,
			);
			buildRules = (
			);
			dependencies = (
			);
			name = "Wave-Mac";
			productName = "Wave-Mac";
			productReference = D5C629401C3A7FAA007F7B7C /* Wave.framework */;
			productType = "com.apple.product-type.framework";
		};
		D5C629481C3A7FAA007F7B7C /* Wave-Mac-Tests */ = {
			isa = PBXNativeTarget;
			buildConfigurationList = D5C629541C3A7FAA007F7B7C /* Build configuration list for PBXNativeTarget "Wave-Mac-Tests" */;
			buildPhases = (
				D5C629451C3A7FAA007F7B7C /* Sources */,
				D5C629461C3A7FAA007F7B7C /* Frameworks */,
				D5C629471C3A7FAA007F7B7C /* Resources */,
				D5C629741C3A8717007F7B7C /* Copy frameworks with Carthage */,
			);
			buildRules = (
			);
			dependencies = (
				D5C6294C1C3A7FAA007F7B7C /* PBXTargetDependency */,
			);
			name = "Wave-Mac-Tests";
			productName = "Wave-MacTests";
			productReference = D5C629491C3A7FAA007F7B7C /* Wave-Mac-Tests.xctest */;
			productType = "com.apple.product-type.bundle.unit-test";
		};
/* End PBXNativeTarget section */

/* Begin PBXProject section */
		D5B2E8961C3A780C00C0327D /* Project object */ = {
			isa = PBXProject;
			attributes = {
				LastSwiftUpdateCheck = 0730;
				LastUpgradeCheck = 0720;
				ORGANIZATIONNAME = Fantageek;
				TargetAttributes = {
					D5B2E89E1C3A780C00C0327D = {
						CreatedOnToolsVersion = 7.2;
					};
					D5B2E8A81C3A780C00C0327D = {
						CreatedOnToolsVersion = 7.2;
					};
					D5C6293F1C3A7FAA007F7B7C = {
						CreatedOnToolsVersion = 7.2;
					};
					D5C629481C3A7FAA007F7B7C = {
						CreatedOnToolsVersion = 7.2;
					};
				};
			};
			buildConfigurationList = D5B2E8991C3A780C00C0327D /* Build configuration list for PBXProject "Wave" */;
			compatibilityVersion = "Xcode 3.2";
			developmentRegion = English;
			hasScannedForEncodings = 0;
			knownRegions = (
				en,
			);
			mainGroup = D5B2E8951C3A780C00C0327D;
			productRefGroup = D5B2E8A01C3A780C00C0327D /* Products */;
			projectDirPath = "";
			projectRoot = "";
			targets = (
				D5B2E89E1C3A780C00C0327D /* Wave-iOS */,
				D5C6293F1C3A7FAA007F7B7C /* Wave-Mac */,
				D5B2E8A81C3A780C00C0327D /* Wave-iOS-Tests */,
				D5C629481C3A7FAA007F7B7C /* Wave-Mac-Tests */,
			);
		};
/* End PBXProject section */

/* Begin PBXResourcesBuildPhase section */
		D5B2E89D1C3A780C00C0327D /* Resources */ = {
			isa = PBXResourcesBuildPhase;
			buildActionMask = 2147483647;
			files = (
			);
			runOnlyForDeploymentPostprocessing = 0;
		};
		D5B2E8A71C3A780C00C0327D /* Resources */ = {
			isa = PBXResourcesBuildPhase;
			buildActionMask = 2147483647;
			files = (
			);
			runOnlyForDeploymentPostprocessing = 0;
		};
		D5C6293E1C3A7FAA007F7B7C /* Resources */ = {
			isa = PBXResourcesBuildPhase;
			buildActionMask = 2147483647;
			files = (
			);
			runOnlyForDeploymentPostprocessing = 0;
		};
		D5C629471C3A7FAA007F7B7C /* Resources */ = {
			isa = PBXResourcesBuildPhase;
			buildActionMask = 2147483647;
			files = (
			);
			runOnlyForDeploymentPostprocessing = 0;
		};
/* End PBXResourcesBuildPhase section */

/* Begin PBXShellScriptBuildPhase section */
		D5C629731C3A86E3007F7B7C /* Copy frameworks with Carthage */ = {
			isa = PBXShellScriptBuildPhase;
			buildActionMask = 2147483647;
			files = (
			);
			inputPaths = (
				"$(SRCROOT)/Carthage/Build/iOS/Quick.framework",
				"$(SRCROOT)/Carthage/Build/iOS/Nimble.framework",
			);
			name = "Copy frameworks with Carthage";
			outputPaths = (
			);
			runOnlyForDeploymentPostprocessing = 0;
			shellPath = /bin/sh;
			shellScript = "/usr/local/bin/carthage copy-frameworks";
		};
		D5C629741C3A8717007F7B7C /* Copy frameworks with Carthage */ = {
			isa = PBXShellScriptBuildPhase;
			buildActionMask = 2147483647;
			files = (
			);
			inputPaths = (
				"$(SRCROOT)/Carthage/Build/Mac/Quick.framework",
				"$(SRCROOT)/Carthage/Build/Mac/Nimble.framework",
			);
			name = "Copy frameworks with Carthage";
			outputPaths = (
			);
			runOnlyForDeploymentPostprocessing = 0;
			shellPath = /bin/sh;
			shellScript = "/usr/local/bin/carthage copy-frameworks";
		};
/* End PBXShellScriptBuildPhase section */

/* Begin PBXSourcesBuildPhase section */
		D5B2E89A1C3A780C00C0327D /* Sources */ = {
			isa = PBXSourcesBuildPhase;
			buildActionMask = 2147483647;
			files = (
				D209D0D31CF8EBAD000A45E3 /* ViewTransitionChain.swift in Sources */,
				D209D1061CFA3436000A45E3 /* ViewAnimation.swift in Sources */,
				D209D1361CFB1F76000A45E3 /* LayerKeyframeConfigurable.swift in Sources */,
				D209D11B1CFA398B000A45E3 /* LayerAnimatable.swift in Sources */,
				D209D0FA1CFA3341000A45E3 /* ViewKeyframeAction.swift in Sources */,
				D209D1101CFA3642000A45E3 /* ViewTransitionAnimation.swift in Sources */,
				D209D0D81CF8EBB6000A45E3 /* LayerBasicChain.swift in Sources */,
				D209D1381CFB26CD000A45E3 /* Ride.swift in Sources */,
				D209D10E1CFA362A000A45E3 /* ViewSystemAnimation.swift in Sources */,
				D209D12A1CFAD375000A45E3 /* LayerPropertyConfigurable.swift in Sources */,
				D21793881CF23D6700BB2467 /* Wave.swift in Sources */,
				D209D0F91CFA3341000A45E3 /* ViewBasicAction.swift in Sources */,
				D209D1341CFB1F3D000A45E3 /* LayerKeyframeAnimatable.swift in Sources */,
				D209D12F1CFB0B3D000A45E3 /* Animatable.swift in Sources */,
				D209D0E71CF8F86E000A45E3 /* LayerSpringChain.swift in Sources */,
				D209D1041CFA3347000A45E3 /* LayerSpringAction.swift in Sources */,
				D204000B1CF3A4010073B328 /* Wait.swift in Sources */,
				D209D0D21CF8EBAD000A45E3 /* ViewSystemChain.swift in Sources */,
				D209D0A31CF8C271000A45E3 /* Layer.swift in Sources */,
				D209D1021CFA3347000A45E3 /* LayerBasicAction.swift in Sources */,
				D209D0FB1CFA3341000A45E3 /* ViewSpringAction.swift in Sources */,
				D217938D1CF24E5600BB2467 /* Action.swift in Sources */,
				D209D0CF1CF8EBAD000A45E3 /* ViewBasicChain.swift in Sources */,
				D209D10C1CFA358B000A45E3 /* ViewSpringAnimation.swift in Sources */,
				D209D1081CFA345A000A45E3 /* ViewBasicAnimation.swift in Sources */,
				D209D1031CFA3347000A45E3 /* LayerKeyframeAction.swift in Sources */,
				D209D11E1CFA399F000A45E3 /* ViewConfigurable.swift in Sources */,
				D209D0A51CF8C278000A45E3 /* View.swift in Sources */,
				D209D1201CFA4197000A45E3 /* ViewAnimatable.swift in Sources */,
				D204001B1CF3B8130073B328 /* Chainable.swift in Sources */,
				D209D1241CFACD8E000A45E3 /* ViewBasicAnimatable.swift in Sources */,
				D209D0FC1CFA3341000A45E3 /* ViewSystemAction.swift in Sources */,
				D209D0D91CF8EBB6000A45E3 /* LayerKeyframeChain.swift in Sources */,
				D209D1281CFACFE3000A45E3 /* LayerBasicAnimatable.swift in Sources */,
				D209D0D11CF8EBAD000A45E3 /* ViewSpringChain.swift in Sources */,
				D209D0D01CF8EBAD000A45E3 /* ViewKeyframeChain.swift in Sources */,
				D209D0FD1CFA3341000A45E3 /* ViewTransitionAction.swift in Sources */,
				D209D1261CFACEFB000A45E3 /* LayerBasicConfigurable.swift in Sources */,
				D209D1221CFACBC5000A45E3 /* ViewBasicConfigurable.swift in Sources */,
				D2136DF01CF63F5800BE9C4F /* Then.swift in Sources */,
				D209D1321CFB1618000A45E3 /* Config.swift in Sources */,
				D209D11C1CFA398B000A45E3 /* LayerConfigurable.swift in Sources */,
				D209D10A1CFA3582000A45E3 /* ViewKeyframeAnimation.swift in Sources */,
			);
			runOnlyForDeploymentPostprocessing = 0;
		};
		D5B2E8A51C3A780C00C0327D /* Sources */ = {
			isa = PBXSourcesBuildPhase;
			buildActionMask = 2147483647;
			files = (
				D217938A1CF23D9400BB2467 /* Spec.swift in Sources */,
			);
			runOnlyForDeploymentPostprocessing = 0;
		};
		D5C6293B1C3A7FAA007F7B7C /* Sources */ = {
			isa = PBXSourcesBuildPhase;
			buildActionMask = 2147483647;
			files = (
			);
			runOnlyForDeploymentPostprocessing = 0;
		};
		D5C629451C3A7FAA007F7B7C /* Sources */ = {
			isa = PBXSourcesBuildPhase;
			buildActionMask = 2147483647;
			files = (
			);
			runOnlyForDeploymentPostprocessing = 0;
		};
/* End PBXSourcesBuildPhase section */

/* Begin PBXTargetDependency section */
		D5B2E8AC1C3A780C00C0327D /* PBXTargetDependency */ = {
			isa = PBXTargetDependency;
			target = D5B2E89E1C3A780C00C0327D /* Wave-iOS */;
			targetProxy = D5B2E8AB1C3A780C00C0327D /* PBXContainerItemProxy */;
		};
		D5C6294C1C3A7FAA007F7B7C /* PBXTargetDependency */ = {
			isa = PBXTargetDependency;
			target = D5C6293F1C3A7FAA007F7B7C /* Wave-Mac */;
			targetProxy = D5C6294B1C3A7FAA007F7B7C /* PBXContainerItemProxy */;
		};
/* End PBXTargetDependency section */

/* Begin XCBuildConfiguration section */
		D5B2E8B11C3A780C00C0327D /* Debug */ = {
			isa = XCBuildConfiguration;
			buildSettings = {
				ALWAYS_SEARCH_USER_PATHS = NO;
				CLANG_CXX_LANGUAGE_STANDARD = "gnu++0x";
				CLANG_CXX_LIBRARY = "libc++";
				CLANG_ENABLE_MODULES = YES;
				CLANG_ENABLE_OBJC_ARC = YES;
				CLANG_WARN_BOOL_CONVERSION = YES;
				CLANG_WARN_CONSTANT_CONVERSION = YES;
				CLANG_WARN_DIRECT_OBJC_ISA_USAGE = YES_ERROR;
				CLANG_WARN_EMPTY_BODY = YES;
				CLANG_WARN_ENUM_CONVERSION = YES;
				CLANG_WARN_INT_CONVERSION = YES;
				CLANG_WARN_OBJC_ROOT_CLASS = YES_ERROR;
				CLANG_WARN_UNREACHABLE_CODE = YES;
				CLANG_WARN__DUPLICATE_METHOD_MATCH = YES;
				"CODE_SIGN_IDENTITY[sdk=iphoneos*]" = "iPhone Developer";
				COPY_PHASE_STRIP = NO;
				CURRENT_PROJECT_VERSION = 1;
				DEBUG_INFORMATION_FORMAT = dwarf;
				ENABLE_STRICT_OBJC_MSGSEND = YES;
				ENABLE_TESTABILITY = YES;
				GCC_C_LANGUAGE_STANDARD = gnu99;
				GCC_DYNAMIC_NO_PIC = NO;
				GCC_NO_COMMON_BLOCKS = YES;
				GCC_OPTIMIZATION_LEVEL = 0;
				GCC_PREPROCESSOR_DEFINITIONS = (
					"DEBUG=1",
					"$(inherited)",
				);
				GCC_WARN_64_TO_32_BIT_CONVERSION = YES;
				GCC_WARN_ABOUT_RETURN_TYPE = YES_ERROR;
				GCC_WARN_UNDECLARED_SELECTOR = YES;
				GCC_WARN_UNINITIALIZED_AUTOS = YES_AGGRESSIVE;
				GCC_WARN_UNUSED_FUNCTION = YES;
				GCC_WARN_UNUSED_VARIABLE = YES;
				IPHONEOS_DEPLOYMENT_TARGET = 9.2;
				MTL_ENABLE_DEBUG_INFO = YES;
				ONLY_ACTIVE_ARCH = YES;
				SDKROOT = iphoneos;
				SWIFT_OPTIMIZATION_LEVEL = "-Onone";
				TARGETED_DEVICE_FAMILY = "1,2";
				VERSIONING_SYSTEM = "apple-generic";
				VERSION_INFO_PREFIX = "";
			};
			name = Debug;
		};
		D5B2E8B21C3A780C00C0327D /* Release */ = {
			isa = XCBuildConfiguration;
			buildSettings = {
				ALWAYS_SEARCH_USER_PATHS = NO;
				CLANG_CXX_LANGUAGE_STANDARD = "gnu++0x";
				CLANG_CXX_LIBRARY = "libc++";
				CLANG_ENABLE_MODULES = YES;
				CLANG_ENABLE_OBJC_ARC = YES;
				CLANG_WARN_BOOL_CONVERSION = YES;
				CLANG_WARN_CONSTANT_CONVERSION = YES;
				CLANG_WARN_DIRECT_OBJC_ISA_USAGE = YES_ERROR;
				CLANG_WARN_EMPTY_BODY = YES;
				CLANG_WARN_ENUM_CONVERSION = YES;
				CLANG_WARN_INT_CONVERSION = YES;
				CLANG_WARN_OBJC_ROOT_CLASS = YES_ERROR;
				CLANG_WARN_UNREACHABLE_CODE = YES;
				CLANG_WARN__DUPLICATE_METHOD_MATCH = YES;
				"CODE_SIGN_IDENTITY[sdk=iphoneos*]" = "iPhone Developer";
				COPY_PHASE_STRIP = NO;
				CURRENT_PROJECT_VERSION = 1;
				DEBUG_INFORMATION_FORMAT = "dwarf-with-dsym";
				ENABLE_NS_ASSERTIONS = NO;
				ENABLE_STRICT_OBJC_MSGSEND = YES;
				GCC_C_LANGUAGE_STANDARD = gnu99;
				GCC_NO_COMMON_BLOCKS = YES;
				GCC_WARN_64_TO_32_BIT_CONVERSION = YES;
				GCC_WARN_ABOUT_RETURN_TYPE = YES_ERROR;
				GCC_WARN_UNDECLARED_SELECTOR = YES;
				GCC_WARN_UNINITIALIZED_AUTOS = YES_AGGRESSIVE;
				GCC_WARN_UNUSED_FUNCTION = YES;
				GCC_WARN_UNUSED_VARIABLE = YES;
				IPHONEOS_DEPLOYMENT_TARGET = 9.2;
				MTL_ENABLE_DEBUG_INFO = NO;
				SDKROOT = iphoneos;
				TARGETED_DEVICE_FAMILY = "1,2";
				VALIDATE_PRODUCT = YES;
				VERSIONING_SYSTEM = "apple-generic";
				VERSION_INFO_PREFIX = "";
			};
			name = Release;
		};
		D5B2E8B41C3A780C00C0327D /* Debug */ = {
			isa = XCBuildConfiguration;
			buildSettings = {
				CLANG_ENABLE_MODULES = YES;
				DEFINES_MODULE = YES;
				DYLIB_COMPATIBILITY_VERSION = 1;
				DYLIB_CURRENT_VERSION = 1;
				DYLIB_INSTALL_NAME_BASE = "@rpath";
				FRAMEWORK_SEARCH_PATHS = (
					"$(inherited)",
					"$(PROJECT_DIR)/Carthage/Build/iOS",
				);
				INFOPLIST_FILE = "$(SRCROOT)/Wave/Info-iOS.plist";
				INSTALL_PATH = "$(LOCAL_LIBRARY_DIR)/Frameworks";
				IPHONEOS_DEPLOYMENT_TARGET = 8.0;
				LD_RUNPATH_SEARCH_PATHS = "$(inherited) @executable_path/Frameworks @loader_path/Frameworks";
				PRODUCT_BUNDLE_IDENTIFIER = "com.fantageek.Wave.Wave-iOS";
				PRODUCT_NAME = Wave;
				SKIP_INSTALL = YES;
				SWIFT_OPTIMIZATION_LEVEL = "-Onone";
			};
			name = Debug;
		};
		D5B2E8B51C3A780C00C0327D /* Release */ = {
			isa = XCBuildConfiguration;
			buildSettings = {
				CLANG_ENABLE_MODULES = YES;
				DEFINES_MODULE = YES;
				DYLIB_COMPATIBILITY_VERSION = 1;
				DYLIB_CURRENT_VERSION = 1;
				DYLIB_INSTALL_NAME_BASE = "@rpath";
				FRAMEWORK_SEARCH_PATHS = (
					"$(inherited)",
					"$(PROJECT_DIR)/Carthage/Build/iOS",
				);
				INFOPLIST_FILE = "$(SRCROOT)/Wave/Info-iOS.plist";
				INSTALL_PATH = "$(LOCAL_LIBRARY_DIR)/Frameworks";
				IPHONEOS_DEPLOYMENT_TARGET = 8.0;
				LD_RUNPATH_SEARCH_PATHS = "$(inherited) @executable_path/Frameworks @loader_path/Frameworks";
				PRODUCT_BUNDLE_IDENTIFIER = "com.fantageek.Wave.Wave-iOS";
				PRODUCT_NAME = Wave;
				SKIP_INSTALL = YES;
			};
			name = Release;
		};
		D5B2E8B71C3A780C00C0327D /* Debug */ = {
			isa = XCBuildConfiguration;
			buildSettings = {
				CLANG_ENABLE_MODULES = YES;
				FRAMEWORK_SEARCH_PATHS = (
					"$(inherited)",
					"$(PROJECT_DIR)/Carthage/Build/iOS",
				);
				INFOPLIST_FILE = "$(SRCROOT)/WaveTests/Info-iOS.plist";
				LD_RUNPATH_SEARCH_PATHS = "$(inherited) @executable_path/Frameworks @loader_path/Frameworks";
				PRODUCT_BUNDLE_IDENTIFIER = no.hyper.WaveTests;
				PRODUCT_NAME = "$(TARGET_NAME)";
				SWIFT_OPTIMIZATION_LEVEL = "-Onone";
			};
			name = Debug;
		};
		D5B2E8B81C3A780C00C0327D /* Release */ = {
			isa = XCBuildConfiguration;
			buildSettings = {
				CLANG_ENABLE_MODULES = YES;
				FRAMEWORK_SEARCH_PATHS = (
					"$(inherited)",
					"$(PROJECT_DIR)/Carthage/Build/iOS",
				);
				INFOPLIST_FILE = "$(SRCROOT)/WaveTests/Info-iOS.plist";
				LD_RUNPATH_SEARCH_PATHS = "$(inherited) @executable_path/Frameworks @loader_path/Frameworks";
				PRODUCT_BUNDLE_IDENTIFIER = no.hyper.WaveTests;
				PRODUCT_NAME = "$(TARGET_NAME)";
			};
			name = Release;
		};
		D5C629521C3A7FAA007F7B7C /* Debug */ = {
			isa = XCBuildConfiguration;
			buildSettings = {
				CLANG_ENABLE_MODULES = YES;
				CODE_SIGN_IDENTITY = "-";
				COMBINE_HIDPI_IMAGES = YES;
				DEFINES_MODULE = YES;
				DYLIB_COMPATIBILITY_VERSION = 1;
				DYLIB_CURRENT_VERSION = 1;
				DYLIB_INSTALL_NAME_BASE = "@rpath";
				FRAMEWORK_VERSION = A;
				INFOPLIST_FILE = "$(SRCROOT)/Wave/Info-Mac.plist";
				INSTALL_PATH = "$(LOCAL_LIBRARY_DIR)/Frameworks";
				LD_RUNPATH_SEARCH_PATHS = "$(inherited) @executable_path/../Frameworks @loader_path/Frameworks";
				MACOSX_DEPLOYMENT_TARGET = 10.9;
				PRODUCT_BUNDLE_IDENTIFIER = "com.fantageek.Wave.Wave-Mac";
				PRODUCT_NAME = Wave;
				SDKROOT = macosx;
				SKIP_INSTALL = YES;
				SWIFT_OPTIMIZATION_LEVEL = "-Onone";
			};
			name = Debug;
		};
		D5C629531C3A7FAA007F7B7C /* Release */ = {
			isa = XCBuildConfiguration;
			buildSettings = {
				CLANG_ENABLE_MODULES = YES;
				CODE_SIGN_IDENTITY = "-";
				COMBINE_HIDPI_IMAGES = YES;
				DEFINES_MODULE = YES;
				DYLIB_COMPATIBILITY_VERSION = 1;
				DYLIB_CURRENT_VERSION = 1;
				DYLIB_INSTALL_NAME_BASE = "@rpath";
				FRAMEWORK_VERSION = A;
				INFOPLIST_FILE = "$(SRCROOT)/Wave/Info-Mac.plist";
				INSTALL_PATH = "$(LOCAL_LIBRARY_DIR)/Frameworks";
				LD_RUNPATH_SEARCH_PATHS = "$(inherited) @executable_path/../Frameworks @loader_path/Frameworks";
				MACOSX_DEPLOYMENT_TARGET = 10.9;
				PRODUCT_BUNDLE_IDENTIFIER = "com.fantageek.Wave.Wave-Mac";
				PRODUCT_NAME = Wave;
				SDKROOT = macosx;
				SKIP_INSTALL = YES;
			};
			name = Release;
		};
		D5C629551C3A7FAA007F7B7C /* Debug */ = {
			isa = XCBuildConfiguration;
			buildSettings = {
				CODE_SIGN_IDENTITY = "-";
				COMBINE_HIDPI_IMAGES = YES;
				FRAMEWORK_SEARCH_PATHS = (
					"$(inherited)",
					"$(PROJECT_DIR)/Carthage/Build/Mac",
				);
				INFOPLIST_FILE = "$(SRCROOT)/WaveTests/Info-Mac.plist";
				LD_RUNPATH_SEARCH_PATHS = "$(inherited) @executable_path/../Frameworks @loader_path/../Frameworks";
				MACOSX_DEPLOYMENT_TARGET = 10.11;
				PRODUCT_BUNDLE_IDENTIFIER = "no.hyper.Wave-MacTests";
				PRODUCT_NAME = "$(TARGET_NAME)";
				SDKROOT = macosx;
			};
			name = Debug;
		};
		D5C629561C3A7FAA007F7B7C /* Release */ = {
			isa = XCBuildConfiguration;
			buildSettings = {
				CODE_SIGN_IDENTITY = "-";
				COMBINE_HIDPI_IMAGES = YES;
				FRAMEWORK_SEARCH_PATHS = (
					"$(inherited)",
					"$(PROJECT_DIR)/Carthage/Build/Mac",
				);
				INFOPLIST_FILE = "$(SRCROOT)/WaveTests/Info-Mac.plist";
				LD_RUNPATH_SEARCH_PATHS = "$(inherited) @executable_path/../Frameworks @loader_path/../Frameworks";
				MACOSX_DEPLOYMENT_TARGET = 10.11;
				PRODUCT_BUNDLE_IDENTIFIER = "no.hyper.Wave-MacTests";
				PRODUCT_NAME = "$(TARGET_NAME)";
				SDKROOT = macosx;
			};
			name = Release;
		};
/* End XCBuildConfiguration section */

/* Begin XCConfigurationList section */
		D5B2E8991C3A780C00C0327D /* Build configuration list for PBXProject "Wave" */ = {
			isa = XCConfigurationList;
			buildConfigurations = (
				D5B2E8B11C3A780C00C0327D /* Debug */,
				D5B2E8B21C3A780C00C0327D /* Release */,
			);
			defaultConfigurationIsVisible = 0;
			defaultConfigurationName = Release;
		};
		D5B2E8B31C3A780C00C0327D /* Build configuration list for PBXNativeTarget "Wave-iOS" */ = {
			isa = XCConfigurationList;
			buildConfigurations = (
				D5B2E8B41C3A780C00C0327D /* Debug */,
				D5B2E8B51C3A780C00C0327D /* Release */,
			);
			defaultConfigurationIsVisible = 0;
			defaultConfigurationName = Release;
		};
		D5B2E8B61C3A780C00C0327D /* Build configuration list for PBXNativeTarget "Wave-iOS-Tests" */ = {
			isa = XCConfigurationList;
			buildConfigurations = (
				D5B2E8B71C3A780C00C0327D /* Debug */,
				D5B2E8B81C3A780C00C0327D /* Release */,
			);
			defaultConfigurationIsVisible = 0;
			defaultConfigurationName = Release;
		};
		D5C629511C3A7FAA007F7B7C /* Build configuration list for PBXNativeTarget "Wave-Mac" */ = {
			isa = XCConfigurationList;
			buildConfigurations = (
				D5C629521C3A7FAA007F7B7C /* Debug */,
				D5C629531C3A7FAA007F7B7C /* Release */,
			);
			defaultConfigurationIsVisible = 0;
			defaultConfigurationName = Release;
		};
		D5C629541C3A7FAA007F7B7C /* Build configuration list for PBXNativeTarget "Wave-Mac-Tests" */ = {
			isa = XCConfigurationList;
			buildConfigurations = (
				D5C629551C3A7FAA007F7B7C /* Debug */,
				D5C629561C3A7FAA007F7B7C /* Release */,
			);
			defaultConfigurationIsVisible = 0;
			defaultConfigurationName = Release;
		};
/* End XCConfigurationList section */
	};
	rootObject = D5B2E8961C3A780C00C0327D /* Project object */;
}
